
Microsoft Visual Studio Solution File, Format Version 12.00
# Visual Studio Version 17
VisualStudioVersion = 17.5.2.0
MinimumVisualStudioVersion = 10.0.40219.1
Project("{FAE04EC0-301F-11D3-BF4B-00C04F79EFBC}") = "webhook_processing_platform", "webhook_processing_platform.csproj", "{272551D0-522A-285D-4E67-CB34997E7A19}"
EndProject
Project("{FAE04EC0-301F-11D3-BF4B-00C04F79EFBC}") = "webhook_processing_platform.Tests", "webhook_processing_platform.Tests\webhook_processing_platform.Tests.csproj", "{068F5317-8B41-4815-8297-662BFB527508}"
EndProject
Global
	GlobalSection(SolutionConfigurationPlatforms) = preSolution
		Debug|Any CPU = Debug|Any CPU
		Debug|x64 = Debug|x64
		Debug|x86 = Debug|x86
		Release|Any CPU = Release|Any CPU
		Release|x64 = Release|x64
		Release|x86 = Release|x86
	EndGlobalSection
	GlobalSection(ProjectConfigurationPlatforms) = postSolution
		{272551D0-522A-285D-4E67-CB34997E7A19}.Debug|Any CPU.ActiveCfg = Debug|Any CPU
		{272551D0-522A-285D-4E67-CB34997E7A19}.Debug|Any CPU.Build.0 = Debug|Any CPU
		{272551D0-522A-285D-4E67-CB34997E7A19}.Debug|x64.ActiveCfg = Debug|Any CPU
		{272551D0-522A-285D-4E67-CB34997E7A19}.Debug|x64.Build.0 = Debug|Any CPU
		{272551D0-522A-285D-4E67-CB34997E7A19}.Debug|x86.ActiveCfg = Debug|Any CPU
		{272551D0-522A-285D-4E67-CB34997E7A19}.Debug|x86.Build.0 = Debug|Any CPU
		{272551D0-522A-285D-4E67-CB34997E7A19}.Release|Any CPU.ActiveCfg = Release|Any CPU
		{272551D0-522A-285D-4E67-CB34997E7A19}.Release|Any CPU.Build.0 = Release|Any CPU
		{272551D0-522A-285D-4E67-CB34997E7A19}.Release|x64.ActiveCfg = Release|Any CPU
		{272551D0-522A-285D-4E67-CB34997E7A19}.Release|x64.Build.0 = Release|Any CPU
		{272551D0-522A-285D-4E67-CB34997E7A19}.Release|x86.ActiveCfg = Release|Any CPU
		{272551D0-522A-285D-4E67-CB34997E7A19}.Release|x86.Build.0 = Release|Any CPU
		{068F5317-8B41-4815-8297-662BFB527508}.Debug|Any CPU.ActiveCfg = Debug|Any CPU
		{068F5317-8B41-4815-8297-662BFB527508}.Debug|Any CPU.Build.0 = Debug|Any CPU
		{068F5317-8B41-4815-8297-662BFB527508}.Debug|x64.ActiveCfg = Debug|Any CPU
		{068F5317-8B41-4815-8297-662BFB527508}.Debug|x64.Build.0 = Debug|Any CPU
		{068F5317-8B41-4815-8297-662BFB527508}.Debug|x86.ActiveCfg = Debug|Any CPU
		{068F5317-8B41-4815-8297-662BFB527508}.Debug|x86.Build.0 = Debug|Any CPU
		{068F5317-8B41-4815-8297-662BFB527508}.Release|Any CPU.ActiveCfg = Release|Any CPU
		{068F5317-8B41-4815-8297-662BFB527508}.Release|Any CPU.Build.0 = Release|Any CPU
		{068F5317-8B41-4815-8297-662BFB527508}.Release|x64.ActiveCfg = Release|Any CPU
		{068F5317-8B41-4815-8297-662BFB527508}.Release|x64.Build.0 = Release|Any CPU
		{068F5317-8B41-4815-8297-662BFB527508}.Release|x86.ActiveCfg = Release|Any CPU
		{068F5317-8B41-4815-8297-662BFB527508}.Release|x86.Build.0 = Release|Any CPU
	EndGlobalSection
	GlobalSection(SolutionProperties) = preSolution
		HideSolutionNode = FALSE
	EndGlobalSection
	GlobalSection(ExtensibilityGlobals) = postSolution
		SolutionGuid = {5969AC89-A6F2-41ED-8409-BFBC855A138E}
	EndGlobalSection
EndGlobal
